<?xml version="1.0" encoding="utf-8"?>
<Project ToolsVersion="4.0" xmlns="http://schemas.microsoft.com/developer/msbuild/2003">
  <ItemGroup>
    <Filter Include="소스 파일">
      <UniqueIdentifier>{4FC737F1-C7A5-4376-A066-2A32D752A2FF}</UniqueIdentifier>
      <Extensions>cpp;c;cc;cxx;c++;cppm;ixx;def;odl;idl;hpj;bat;asm;asmx</Extensions>
    </Filter>
    <Filter Include="헤더 파일">
      <UniqueIdentifier>{93995380-89BD-4b04-88EB-625FBE52EBFB}</UniqueIdentifier>
      <Extensions>h;hh;hpp;hxx;h++;hm;inl;inc;ipp;xsd</Extensions>
    </Filter>
    <Filter Include="리소스 파일">
      <UniqueIdentifier>{67DA6AB6-F800-4c08-8B7A-83BB121AAD01}</UniqueIdentifier>
      <Extensions>rc;ico;cur;bmp;dlg;rc2;rct;bin;rgs;gif;jpg;jpeg;jpe;resx;tiff;tif;png;wav;mfcribbon-ms</Extensions>
    </Filter>
  </ItemGroup>
  <ItemGroup>
    <ClInclude Include="FileOfficer.h">
      <Filter>헤더 파일</Filter>
    </ClInclude>
    <ClInclude Include="FileOfficerDlg.h">
      <Filter>헤더 파일</Filter>
    </ClInclude>
    <ClInclude Include="framework.h">
      <Filter>헤더 파일</Filter>
    </ClInclude>
    <ClInclude Include="targetver.h">
      <Filter>헤더 파일</Filter>
    </ClInclude>
    <ClInclude Include="Resource.h">
      <Filter>헤더 파일</Filter>
    </ClInclude>
    <ClInclude Include="pch.h">
      <Filter>헤더 파일</Filter>
    </ClInclude>
    <ClInclude Include="CFileListCtrl.h">
      <Filter>헤더 파일</Filter>
    </ClInclude>
    <ClInclude Include="CFileListContextMenu.h">
      <Filter>헤더 파일</Filter>
    </ClInclude>
    <ClInclude Include="CDlgTabView.h">
      <Filter>헤더 파일</Filter>
    </ClInclude>
    <ClInclude Include="CMyDropTarget.h">
      <Filter>헤더 파일</Filter>
    </ClInclude>
    <ClInclude Include="EtcFunctions.h">
      <Filter>헤더 파일</Filter>
    </ClInclude>
    <ClInclude Include="CDlgCFG_View.h">
      <Filter>헤더 파일</Filter>
    </ClInclude>
    <ClInclude Include="CMyEditBrowseCtrl.h">
      <Filter>헤더 파일</Filter>
    </ClInclude>
    <ClInclude Include="CDlgInput.h">
      <Filter>헤더 파일</Filter>
    </ClInclude>
    <ClInclude Include="DelayedDirectoryChangeHandler.h">
      <Filter>헤더 파일</Filter>
    </ClInclude>
    <ClInclude Include="DirectoryChanges.h">
      <Filter>헤더 파일</Filter>
    </ClInclude>
    <ClInclude Include="CDlgCFG_Layout.h">
      <Filter>헤더 파일</Filter>
    </ClInclude>
    <ClInclude Include="CDlgColorRule.h">
      <Filter>헤더 파일</Filter>
    </ClInclude>
  </ItemGroup>
  <ItemGroup>
    <ClCompile Include="FileOfficer.cpp">
      <Filter>소스 파일</Filter>
    </ClCompile>
    <ClCompile Include="FileOfficerDlg.cpp">
      <Filter>소스 파일</Filter>
    </ClCompile>
    <ClCompile Include="pch.cpp">
      <Filter>소스 파일</Filter>
    </ClCompile>
    <ClCompile Include="CFileListCtrl.cpp">
      <Filter>소스 파일</Filter>
    </ClCompile>
    <ClCompile Include="CFileListContextMenu.cpp">
      <Filter>소스 파일</Filter>
    </ClCompile>
    <ClCompile Include="CDlgTabView.cpp">
      <Filter>소스 파일</Filter>
    </ClCompile>
    <ClCompile Include="CMyDropTarget.cpp">
      <Filter>소스 파일</Filter>
    </ClCompile>
    <ClCompile Include="EtcFunctions.cpp">
      <Filter>소스 파일</Filter>
    </ClCompile>
    <ClCompile Include="CDlgCFG_View.cpp">
      <Filter>소스 파일</Filter>
    </ClCompile>
    <ClCompile Include="CMyEditBrowseCtrl.cpp">
      <Filter>소스 파일</Filter>
    </ClCompile>
    <ClCompile Include="CDlgInput.cpp">
      <Filter>소스 파일</Filter>
    </ClCompile>
    <ClCompile Include="DelayedDirectoryChangeHandler.cpp">
      <Filter>소스 파일</Filter>
    </ClCompile>
    <ClCompile Include="DirectoryChanges.cpp">
      <Filter>소스 파일</Filter>
    </ClCompile>
    <ClCompile Include="CDlgCFG_Layout.cpp">
      <Filter>소스 파일</Filter>
    </ClCompile>
    <ClCompile Include="CDlgColorRule.cpp">
      <Filter>소스 파일</Filter>
    </ClCompile>
  </ItemGroup>
  <ItemGroup>
    <ResourceCompile Include="FileOfficer.rc">
      <Filter>리소스 파일</Filter>
    </ResourceCompile>
  </ItemGroup>
  <ItemGroup>
    <None Include="res\FileOfficer.rc2">
      <Filter>리소스 파일</Filter>
    </None>
    <None Include="ClassDiagram.cd" />
  </ItemGroup>
  <ItemGroup>
    <Image Include="res\FileOfficer.ico">
      <Filter>리소스 파일</Filter>
    </Image>
    <Image Include="res\toolbar_Main.bmp">
      <Filter>리소스 파일</Filter>
    </Image>
    <Image Include="res\toolbar_Tab1.bmp">
      <Filter>리소스 파일</Filter>
    </Image>
    <Image Include="res\tb_tab2.bmp">
      <Filter>리소스 파일</Filter>
    </Image>
    <Image Include="res\bitmap1.bmp">
      <Filter>리소스 파일</Filter>
    </Image>
  </ItemGroup>
</Project>